
Microsoft Visual Studio Solution File, Format Version 12.00
# Visual Studio Version 17
VisualStudioVersion = 17.0.32112.339
MinimumVisualStudioVersion = 10.0.40219.1
Project("{FAE04EC0-301F-11D3-BF4B-00C04F79EFBC}") = "StartButton", "StartButton\StartButton.csproj", "{8231FBCD-911D-45BE-9D40-E7887AA85B0E}"
EndProject
Global
	GlobalSection(SolutionConfigurationPlatforms) = preSolution
		Debug|Any CPU = Debug|Any CPU
		Release|Any CPU = Release|Any CPU
	EndGlobalSection
	GlobalSection(ProjectConfigurationPlatforms) = postSolution
		{8231FBCD-911D-45BE-9D40-E7887AA85B0E}.Debug|Any CPU.ActiveCfg = Debug|Any CPU
		{8231FBCD-911D-45BE-9D40-E7887AA85B0E}.Debug|Any CPU.Build.0 = Debug|Any CPU
		{8231FBCD-911D-45BE-9D40-E7887AA85B0E}.Release|Any CPU.ActiveCfg = Release|Any CPU
		{8231FBCD-911D-45BE-9D40-E7887AA85B0E}.Release|Any CPU.Build.0 = Release|Any CPU
	EndGlobalSection
	GlobalSection(SolutionProperties) = preSolution
		HideSolutionNode = FALSE
	EndGlobalSection
	GlobalSection(ExtensibilityGlobals) = postSolution
		SolutionGuid = {3CF9738C-B13E-4C19-98B1-E9E4C4CF89B0}
	EndGlobalSection
EndGlobal
